
Microsoft Visual Studio Solution File, Format Version 12.00
# Visual Studio Version 17
VisualStudioVersion = 17.7.34024.191
MinimumVisualStudioVersion = 10.0.40219.1
Project("{FAE04EC0-301F-11D3-BF4B-00C04F79EFBC}") = "_130_CloneGraph", "LeetCode\_130_CloneGraph.csproj", "{797679A7-60B7-4006-9200-AB69FE12E76A}"
EndProject
Global
	GlobalSection(SolutionConfigurationPlatforms) = preSolution
		Debug|Any CPU = Debug|Any CPU
		Release|Any CPU = Release|Any CPU
	EndGlobalSection
	GlobalSection(ProjectConfigurationPlatforms) = postSolution
		{797679A7-60B7-4006-9200-AB69FE12E76A}.Debug|Any CPU.ActiveCfg = Debug|Any CPU
		{797679A7-60B7-4006-9200-AB69FE12E76A}.Debug|Any CPU.Build.0 = Debug|Any CPU
		{797679A7-60B7-4006-9200-AB69FE12E76A}.Release|Any CPU.ActiveCfg = Release|Any CPU
		{797679A7-60B7-4006-9200-AB69FE12E76A}.Release|Any CPU.Build.0 = Release|Any CPU
	EndGlobalSection
	GlobalSection(SolutionProperties) = preSolution
		HideSolutionNode = FALSE
	EndGlobalSection
	GlobalSection(ExtensibilityGlobals) = postSolution
		SolutionGuid = {DEA0625B-3D9B-4DD1-9AC5-3E0806008654}
	EndGlobalSection
EndGlobal
